
Microsoft Visual Studio Solution File, Format Version 12.00
Project("{FAE04EC0-301F-11D3-BF4B-00C04F79EFBC}") = "FromAToB", "FromAToB\FromAToB.csproj", "{EFBB615F-8A16-42BF-8DB2-E0C14D1DA173}"
EndProject
Project("{FAE04EC0-301F-11D3-BF4B-00C04F79EFBC}") = "JulyTemperature", "JulyTemperature\JulyTemperature.csproj", "{0607A70F-4935-43AA-85CC-318605979C09}"
EndProject
Project("{FAE04EC0-301F-11D3-BF4B-00C04F79EFBC}") = "ScanArray", "ScanArray\ScanArray.csproj", "{59D9B41C-6BFD-49C6-9DC0-6F7CD9981A4B}"
EndProject
Project("{FAE04EC0-301F-11D3-BF4B-00C04F79EFBC}") = "RandomFloatNumbers", "RandomFloatNumbers\RandomFloatNumbers.csproj", "{FC17E6EE-E760-4EA1-A685-44544BA1D886}"
EndProject
Project("{FAE04EC0-301F-11D3-BF4B-00C04F79EFBC}") = "SomeProject", "SomeProject\SomeProject.csproj", "{EA21602D-319C-4354-98BF-B823B9088E18}"
EndProject
Project("{FAE04EC0-301F-11D3-BF4B-00C04F79EFBC}") = "SumOfMass", "SumOfMass\SumOfMass.csproj", "{26FFBA68-065D-4113-92EB-C79432DBAC9D}"
EndProject
Project("{FAE04EC0-301F-11D3-BF4B-00C04F79EFBC}") = "boolTest", "boolTest\boolTest.csproj", "{5010D187-0CC0-4DA0-A890-69CB7508BEE1}"
EndProject
Project("{FAE04EC0-301F-11D3-BF4B-00C04F79EFBC}") = "Rectangle", "Rectangle\Rectangle.csproj", "{5C6BFDF8-01DA-406C-9AC9-24B945323B6E}"
EndProject
Project("{FAE04EC0-301F-11D3-BF4B-00C04F79EFBC}") = "RandomForTeam", "RandomForTeam\RandomForTeam.csproj", "{1C3783D9-AD0A-453A-A8E0-88DEEDAE4B16}"
EndProject
Project("{FAE04EC0-301F-11D3-BF4B-00C04F79EFBC}") = "HandK", "HandK\HandK.csproj", "{772D68D2-DA84-4F31-B121-AC84C13C26A9}"
EndProject
Project("{FAE04EC0-301F-11D3-BF4B-00C04F79EFBC}") = "Programers", "Programers\Programers.csproj", "{08B16880-4EA5-4CCF-B8B3-39A9E1CBCE3E}"
EndProject
Project("{FAE04EC0-301F-11D3-BF4B-00C04F79EFBC}") = "NewStructProject", "NewStructProject\NewStructProject.csproj", "{8544B09F-17C0-497F-BB6D-DD76FF91A989}"
EndProject
Global
	GlobalSection(SolutionConfigurationPlatforms) = preSolution
		Debug|Any CPU = Debug|Any CPU
		Release|Any CPU = Release|Any CPU
	EndGlobalSection
	GlobalSection(ProjectConfigurationPlatforms) = postSolution
		{EFBB615F-8A16-42BF-8DB2-E0C14D1DA173}.Debug|Any CPU.ActiveCfg = Debug|Any CPU
		{EFBB615F-8A16-42BF-8DB2-E0C14D1DA173}.Debug|Any CPU.Build.0 = Debug|Any CPU
		{EFBB615F-8A16-42BF-8DB2-E0C14D1DA173}.Release|Any CPU.ActiveCfg = Release|Any CPU
		{EFBB615F-8A16-42BF-8DB2-E0C14D1DA173}.Release|Any CPU.Build.0 = Release|Any CPU
		{0607A70F-4935-43AA-85CC-318605979C09}.Debug|Any CPU.ActiveCfg = Debug|Any CPU
		{0607A70F-4935-43AA-85CC-318605979C09}.Debug|Any CPU.Build.0 = Debug|Any CPU
		{0607A70F-4935-43AA-85CC-318605979C09}.Release|Any CPU.ActiveCfg = Release|Any CPU
		{0607A70F-4935-43AA-85CC-318605979C09}.Release|Any CPU.Build.0 = Release|Any CPU
		{59D9B41C-6BFD-49C6-9DC0-6F7CD9981A4B}.Debug|Any CPU.ActiveCfg = Debug|Any CPU
		{59D9B41C-6BFD-49C6-9DC0-6F7CD9981A4B}.Debug|Any CPU.Build.0 = Debug|Any CPU
		{59D9B41C-6BFD-49C6-9DC0-6F7CD9981A4B}.Release|Any CPU.ActiveCfg = Release|Any CPU
		{59D9B41C-6BFD-49C6-9DC0-6F7CD9981A4B}.Release|Any CPU.Build.0 = Release|Any CPU
		{FC17E6EE-E760-4EA1-A685-44544BA1D886}.Debug|Any CPU.ActiveCfg = Debug|Any CPU
		{FC17E6EE-E760-4EA1-A685-44544BA1D886}.Debug|Any CPU.Build.0 = Debug|Any CPU
		{FC17E6EE-E760-4EA1-A685-44544BA1D886}.Release|Any CPU.ActiveCfg = Release|Any CPU
		{FC17E6EE-E760-4EA1-A685-44544BA1D886}.Release|Any CPU.Build.0 = Release|Any CPU
		{EA21602D-319C-4354-98BF-B823B9088E18}.Debug|Any CPU.ActiveCfg = Debug|Any CPU
		{EA21602D-319C-4354-98BF-B823B9088E18}.Debug|Any CPU.Build.0 = Debug|Any CPU
		{EA21602D-319C-4354-98BF-B823B9088E18}.Release|Any CPU.ActiveCfg = Release|Any CPU
		{EA21602D-319C-4354-98BF-B823B9088E18}.Release|Any CPU.Build.0 = Release|Any CPU
		{26FFBA68-065D-4113-92EB-C79432DBAC9D}.Debug|Any CPU.ActiveCfg = Debug|Any CPU
		{26FFBA68-065D-4113-92EB-C79432DBAC9D}.Debug|Any CPU.Build.0 = Debug|Any CPU
		{26FFBA68-065D-4113-92EB-C79432DBAC9D}.Release|Any CPU.ActiveCfg = Release|Any CPU
		{26FFBA68-065D-4113-92EB-C79432DBAC9D}.Release|Any CPU.Build.0 = Release|Any CPU
		{5010D187-0CC0-4DA0-A890-69CB7508BEE1}.Debug|Any CPU.ActiveCfg = Debug|Any CPU
		{5010D187-0CC0-4DA0-A890-69CB7508BEE1}.Debug|Any CPU.Build.0 = Debug|Any CPU
		{5010D187-0CC0-4DA0-A890-69CB7508BEE1}.Release|Any CPU.ActiveCfg = Release|Any CPU
		{5010D187-0CC0-4DA0-A890-69CB7508BEE1}.Release|Any CPU.Build.0 = Release|Any CPU
		{5C6BFDF8-01DA-406C-9AC9-24B945323B6E}.Debug|Any CPU.ActiveCfg = Debug|Any CPU
		{5C6BFDF8-01DA-406C-9AC9-24B945323B6E}.Debug|Any CPU.Build.0 = Debug|Any CPU
		{5C6BFDF8-01DA-406C-9AC9-24B945323B6E}.Release|Any CPU.ActiveCfg = Release|Any CPU
		{5C6BFDF8-01DA-406C-9AC9-24B945323B6E}.Release|Any CPU.Build.0 = Release|Any CPU
		{1C3783D9-AD0A-453A-A8E0-88DEEDAE4B16}.Debug|Any CPU.ActiveCfg = Debug|Any CPU
		{1C3783D9-AD0A-453A-A8E0-88DEEDAE4B16}.Debug|Any CPU.Build.0 = Debug|Any CPU
		{1C3783D9-AD0A-453A-A8E0-88DEEDAE4B16}.Release|Any CPU.ActiveCfg = Release|Any CPU
		{1C3783D9-AD0A-453A-A8E0-88DEEDAE4B16}.Release|Any CPU.Build.0 = Release|Any CPU
		{772D68D2-DA84-4F31-B121-AC84C13C26A9}.Debug|Any CPU.ActiveCfg = Debug|Any CPU
		{772D68D2-DA84-4F31-B121-AC84C13C26A9}.Debug|Any CPU.Build.0 = Debug|Any CPU
		{772D68D2-DA84-4F31-B121-AC84C13C26A9}.Release|Any CPU.ActiveCfg = Release|Any CPU
		{772D68D2-DA84-4F31-B121-AC84C13C26A9}.Release|Any CPU.Build.0 = Release|Any CPU
		{08B16880-4EA5-4CCF-B8B3-39A9E1CBCE3E}.Debug|Any CPU.ActiveCfg = Debug|Any CPU
		{08B16880-4EA5-4CCF-B8B3-39A9E1CBCE3E}.Debug|Any CPU.Build.0 = Debug|Any CPU
		{08B16880-4EA5-4CCF-B8B3-39A9E1CBCE3E}.Release|Any CPU.ActiveCfg = Release|Any CPU
		{08B16880-4EA5-4CCF-B8B3-39A9E1CBCE3E}.Release|Any CPU.Build.0 = Release|Any CPU
		{8544B09F-17C0-497F-BB6D-DD76FF91A989}.Debug|Any CPU.ActiveCfg = Debug|Any CPU
		{8544B09F-17C0-497F-BB6D-DD76FF91A989}.Debug|Any CPU.Build.0 = Debug|Any CPU
		{8544B09F-17C0-497F-BB6D-DD76FF91A989}.Release|Any CPU.ActiveCfg = Release|Any CPU
		{8544B09F-17C0-497F-BB6D-DD76FF91A989}.Release|Any CPU.Build.0 = Release|Any CPU
	EndGlobalSection
EndGlobal
